// !$*UTF8*$!
{
	archiveVersion = 1;
	classes = {
	};
	objectVersion = 46;
	objects = {

/* Begin PBXBuildFile section */
		051839B61945D54B00A3DFB9 /* NEVUploadController.m in Sources */ = {isa = PBXBuildFile; fileRef = 051839B51945D54B00A3DFB9 /* NEVUploadController.m */; };
		0553EDDA17FD879A00AB6C5D /* Foundation.framework in Frameworks */ = {isa = PBXBuildFile; fileRef = 0553EDD917FD879A00AB6C5D /* Foundation.framework */; };
		0553EDDC17FD879A00AB6C5D /* CoreGraphics.framework in Frameworks */ = {isa = PBXBuildFile; fileRef = 0553EDDB17FD879A00AB6C5D /* CoreGraphics.framework */; };
		0553EDDE17FD879A00AB6C5D /* UIKit.framework in Frameworks */ = {isa = PBXBuildFile; fileRef = 0553EDDD17FD879A00AB6C5D /* UIKit.framework */; };
		0553EDE417FD879A00AB6C5D /* InfoPlist.strings in Resources */ = {isa = PBXBuildFile; fileRef = 0553EDE217FD879A00AB6C5D /* InfoPlist.strings */; };
		0553EDE617FD879A00AB6C5D /* main.m in Sources */ = {isa = PBXBuildFile; fileRef = 0553EDE517FD879A00AB6C5D /* main.m */; };
		0553EDEA17FD879A00AB6C5D /* NEVAppDelegate.m in Sources */ = {isa = PBXBuildFile; fileRef = 0553EDE917FD879A00AB6C5D /* NEVAppDelegate.m */; };
		0553EDED17FD879A00AB6C5D /* Main.storyboard in Resources */ = {isa = PBXBuildFile; fileRef = 0553EDEB17FD879A00AB6C5D /* Main.storyboard */; };
		0553EDF017FD879A00AB6C5D /* NEVViewController.m in Sources */ = {isa = PBXBuildFile; fileRef = 0553EDEF17FD879A00AB6C5D /* NEVViewController.m */; };
		0553EDF217FD879A00AB6C5D /* Images.xcassets in Resources */ = {isa = PBXBuildFile; fileRef = 0553EDF117FD879A00AB6C5D /* Images.xcassets */; };
		0553EDF917FD879A00AB6C5D /* XCTest.framework in Frameworks */ = {isa = PBXBuildFile; fileRef = 0553EDF817FD879A00AB6C5D /* XCTest.framework */; };
		0553EDFA17FD879A00AB6C5D /* Foundation.framework in Frameworks */ = {isa = PBXBuildFile; fileRef = 0553EDD917FD879A00AB6C5D /* Foundation.framework */; };
		0553EDFB17FD879A00AB6C5D /* UIKit.framework in Frameworks */ = {isa = PBXBuildFile; fileRef = 0553EDDD17FD879A00AB6C5D /* UIKit.framework */; };
		0553EE0317FD879A00AB6C5D /* InfoPlist.strings in Resources */ = {isa = PBXBuildFile; fileRef = 0553EE0117FD879A00AB6C5D /* InfoPlist.strings */; };
		0553EE0517FD879A00AB6C5D /* URLSessionTestTests.m in Sources */ = {isa = PBXBuildFile; fileRef = 0553EE0417FD879A00AB6C5D /* URLSessionTestTests.m */; };
/* End PBXBuildFile section */

/* Begin PBXContainerItemProxy section */
		0553EDFC17FD879A00AB6C5D /* PBXContainerItemProxy */ = {
			isa = PBXContainerItemProxy;
			containerPortal = 0553EDCE17FD879A00AB6C5D /* Project object */;
			proxyType = 1;
			remoteGlobalIDString = 0553EDD517FD879A00AB6C5D;
			remoteInfo = URLSessionTest;
		};
/* End PBXContainerItemProxy section */

/* Begin PBXFileReference section */
		051839B41945D54B00A3DFB9 /* NEVUploadController.h */ = {isa = PBXFileReference; fileEncoding = 4; lastKnownFileType = sourcecode.c.h; path = NEVUploadController.h; sourceTree = "<group>"; };
		051839B51945D54B00A3DFB9 /* NEVUploadController.m */ = {isa = PBXFileReference; fileEncoding = 4; lastKnownFileType = sourcecode.c.objc; path = NEVUploadController.m; sourceTree = "<group>"; };
		0553EDD617FD879A00AB6C5D /* URLSessionTest.app */ = {isa = PBXFileReference; explicitFileType = wrapper.application; includeInIndex = 0; path = URLSessionTest.app; sourceTree = BUILT_PRODUCTS_DIR; };
		0553EDD917FD879A00AB6C5D /* Foundation.framework */ = {isa = PBXFileReference; lastKnownFileType = wrapper.framework; name = Foundation.framework; path = System/Library/Frameworks/Foundation.framework; sourceTree = SDKROOT; };
		0553EDDB17FD879A00AB6C5D /* CoreGraphics.framework */ = {isa = PBXFileReference; lastKnownFileType = wrapper.framework; name = CoreGraphics.framework; path = System/Library/Frameworks/CoreGraphics.framework; sourceTree = SDKROOT; };
		0553EDDD17FD879A00AB6C5D /* UIKit.framework */ = {isa = PBXFileReference; lastKnownFileType = wrapper.framework; name = UIKit.framework; path = System/Library/Frameworks/UIKit.framework; sourceTree = SDKROOT; };
		0553EDE117FD879A00AB6C5D /* URLSessionTest-Info.plist */ = {isa = PBXFileReference; lastKnownFileType = text.plist.xml; path = "URLSessionTest-Info.plist"; sourceTree = "<group>"; };
		0553EDE317FD879A00AB6C5D /* en */ = {isa = PBXFileReference; lastKnownFileType = text.plist.strings; name = en; path = en.lproj/InfoPlist.strings; sourceTree = "<group>"; };
		0553EDE517FD879A00AB6C5D /* main.m */ = {isa = PBXFileReference; lastKnownFileType = sourcecode.c.objc; path = main.m; sourceTree = "<group>"; };
		0553EDE717FD879A00AB6C5D /* URLSessionTest-Prefix.pch */ = {isa = PBXFileReference; lastKnownFileType = sourcecode.c.h; path = "URLSessionTest-Prefix.pch"; sourceTree = "<group>"; };
		0553EDE817FD879A00AB6C5D /* NEVAppDelegate.h */ = {isa = PBXFileReference; lastKnownFileType = sourcecode.c.h; path = NEVAppDelegate.h; sourceTree = "<group>"; };
		0553EDE917FD879A00AB6C5D /* NEVAppDelegate.m */ = {isa = PBXFileReference; lastKnownFileType = sourcecode.c.objc; path = NEVAppDelegate.m; sourceTree = "<group>"; };
		0553EDEC17FD879A00AB6C5D /* Base */ = {isa = PBXFileReference; lastKnownFileType = file.storyboard; name = Base; path = Base.lproj/Main.storyboard; sourceTree = "<group>"; };
		0553EDEE17FD879A00AB6C5D /* NEVViewController.h */ = {isa = PBXFileReference; lastKnownFileType = sourcecode.c.h; path = NEVViewController.h; sourceTree = "<group>"; };
		0553EDEF17FD879A00AB6C5D /* NEVViewController.m */ = {isa = PBXFileReference; lastKnownFileType = sourcecode.c.objc; path = NEVViewController.m; sourceTree = "<group>"; };
		0553EDF117FD879A00AB6C5D /* Images.xcassets */ = {isa = PBXFileReference; lastKnownFileType = folder.assetcatalog; path = Images.xcassets; sourceTree = "<group>"; };
		0553EDF717FD879A00AB6C5D /* URLSessionTestTests.xctest */ = {isa = PBXFileReference; explicitFileType = wrapper.cfbundle; includeInIndex = 0; path = URLSessionTestTests.xctest; sourceTree = BUILT_PRODUCTS_DIR; };
		0553EDF817FD879A00AB6C5D /* XCTest.framework */ = {isa = PBXFileReference; lastKnownFileType = wrapper.framework; name = XCTest.framework; path = Library/Frameworks/XCTest.framework; sourceTree = DEVELOPER_DIR; };
		0553EE0017FD879A00AB6C5D /* URLSessionTestTests-Info.plist */ = {isa = PBXFileReference; lastKnownFileType = text.plist.xml; path = "URLSessionTestTests-Info.plist"; sourceTree = "<group>"; };
		0553EE0217FD879A00AB6C5D /* en */ = {isa = PBXFileReference; lastKnownFileType = text.plist.strings; name = en; path = en.lproj/InfoPlist.strings; sourceTree = "<group>"; };
		0553EE0417FD879A00AB6C5D /* URLSessionTestTests.m */ = {isa = PBXFileReference; lastKnownFileType = sourcecode.c.objc; path = URLSessionTestTests.m; sourceTree = "<group>"; };
/* End PBXFileReference section */

/* Begin PBXFrameworksBuildPhase section */
		0553EDD317FD879A00AB6C5D /* Frameworks */ = {
			isa = PBXFrameworksBuildPhase;
			buildActionMask = 2147483647;
			files = (
				0553EDDC17FD879A00AB6C5D /* CoreGraphics.framework in Frameworks */,
				0553EDDE17FD879A00AB6C5D /* UIKit.framework in Frameworks */,
				0553EDDA17FD879A00AB6C5D /* Foundation.framework in Frameworks */,
			);
			runOnlyForDeploymentPostprocessing = 0;
		};
		0553EDF417FD879A00AB6C5D /* Frameworks */ = {
			isa = PBXFrameworksBuildPhase;
			buildActionMask = 2147483647;
			files = (
				0553EDF917FD879A00AB6C5D /* XCTest.framework in Frameworks */,
				0553EDFB17FD879A00AB6C5D /* UIKit.framework in Frameworks */,
				0553EDFA17FD879A00AB6C5D /* Foundation.framework in Frameworks */,
			);
			runOnlyForDeploymentPostprocessing = 0;
		};
/* End PBXFrameworksBuildPhase section */

/* Begin PBXGroup section */
		0553EDCD17FD879A00AB6C5D = {
			isa = PBXGroup;
			children = (
				0553EDDF17FD879A00AB6C5D /* URLSessionTest */,
				0553EDFE17FD879A00AB6C5D /* URLSessionTestTests */,
				0553EDD817FD879A00AB6C5D /* Frameworks */,
				0553EDD717FD879A00AB6C5D /* Products */,
			);
			sourceTree = "<group>";
		};
		0553EDD717FD879A00AB6C5D /* Products */ = {
			isa = PBXGroup;
			children = (
				0553EDD617FD879A00AB6C5D /* URLSessionTest.app */,
				0553EDF717FD879A00AB6C5D /* URLSessionTestTests.xctest */,
			);
			name = Products;
			sourceTree = "<group>";
		};
		0553EDD817FD879A00AB6C5D /* Frameworks */ = {
			isa = PBXGroup;
			children = (
				0553EDD917FD879A00AB6C5D /* Foundation.framework */,
				0553EDDB17FD879A00AB6C5D /* CoreGraphics.framework */,
				0553EDDD17FD879A00AB6C5D /* UIKit.framework */,
				0553EDF817FD879A00AB6C5D /* XCTest.framework */,
			);
			name = Frameworks;
			sourceTree = "<group>";
		};
		0553EDDF17FD879A00AB6C5D /* URLSessionTest */ = {
			isa = PBXGroup;
			children = (
				0553EDE817FD879A00AB6C5D /* NEVAppDelegate.h */,
				0553EDE917FD879A00AB6C5D /* NEVAppDelegate.m */,
				0553EDEB17FD879A00AB6C5D /* Main.storyboard */,
				0553EDEE17FD879A00AB6C5D /* NEVViewController.h */,
				0553EDEF17FD879A00AB6C5D /* NEVViewController.m */,
				051839B41945D54B00A3DFB9 /* NEVUploadController.h */,
				051839B51945D54B00A3DFB9 /* NEVUploadController.m */,
				0553EDF117FD879A00AB6C5D /* Images.xcassets */,
				0553EDE017FD879A00AB6C5D /* Supporting Files */,
			);
			path = URLSessionTest;
			sourceTree = "<group>";
		};
		0553EDE017FD879A00AB6C5D /* Supporting Files */ = {
			isa = PBXGroup;
			children = (
				0553EDE117FD879A00AB6C5D /* URLSessionTest-Info.plist */,
				0553EDE217FD879A00AB6C5D /* InfoPlist.strings */,
				0553EDE517FD879A00AB6C5D /* main.m */,
				0553EDE717FD879A00AB6C5D /* URLSessionTest-Prefix.pch */,
			);
			name = "Supporting Files";
			sourceTree = "<group>";
		};
		0553EDFE17FD879A00AB6C5D /* URLSessionTestTests */ = {
			isa = PBXGroup;
			children = (
				0553EE0417FD879A00AB6C5D /* URLSessionTestTests.m */,
				0553EDFF17FD879A00AB6C5D /* Supporting Files */,
			);
			path = URLSessionTestTests;
			sourceTree = "<group>";
		};
		0553EDFF17FD879A00AB6C5D /* Supporting Files */ = {
			isa = PBXGroup;
			children = (
				0553EE0017FD879A00AB6C5D /* URLSessionTestTests-Info.plist */,
				0553EE0117FD879A00AB6C5D /* InfoPlist.strings */,
			);
			name = "Supporting Files";
			sourceTree = "<group>";
		};
/* End PBXGroup section */

/* Begin PBXNativeTarget section */
		0553EDD517FD879A00AB6C5D /* URLSessionTest */ = {
			isa = PBXNativeTarget;
			buildConfigurationList = 0553EE0817FD879A00AB6C5D /* Build configuration list for PBXNativeTarget "URLSessionTest" */;
			buildPhases = (
				0553EDD217FD879A00AB6C5D /* Sources */,
				0553EDD317FD879A00AB6C5D /* Frameworks */,
				0553EDD417FD879A00AB6C5D /* Resources */,
			);
			buildRules = (
			);
			dependencies = (
			);
			name = URLSessionTest;
			productName = URLSessionTest;
			productReference = 0553EDD617FD879A00AB6C5D /* URLSessionTest.app */;
			productType = "com.apple.product-type.application";
		};
		0553EDF617FD879A00AB6C5D /* URLSessionTestTests */ = {
			isa = PBXNativeTarget;
			buildConfigurationList = 0553EE0B17FD879A00AB6C5D /* Build configuration list for PBXNativeTarget "URLSessionTestTests" */;
			buildPhases = (
				0553EDF317FD879A00AB6C5D /* Sources */,
				0553EDF417FD879A00AB6C5D /* Frameworks */,
				0553EDF517FD879A00AB6C5D /* Resources */,
			);
			buildRules = (
			);
			dependencies = (
				0553EDFD17FD879A00AB6C5D /* PBXTargetDependency */,
			);
			name = URLSessionTestTests;
			productName = URLSessionTestTests;
			productReference = 0553EDF717FD879A00AB6C5D /* URLSessionTestTests.xctest */;
			productType = "com.apple.product-type.bundle.unit-test";
		};
/* End PBXNativeTarget section */

/* Begin PBXProject section */
		0553EDCE17FD879A00AB6C5D /* Project object */ = {
			isa = PBXProject;
			attributes = {
				CLASSPREFIX = NEV;
				LastUpgradeCheck = 0500;
				ORGANIZATIONNAME = test;
				TargetAttributes = {
					0553EDF617FD879A00AB6C5D = {
						TestTargetID = 0553EDD517FD879A00AB6C5D;
					};
				};
			};
			buildConfigurationList = 0553EDD117FD879A00AB6C5D /* Build configuration list for PBXProject "URLSessionTest" */;
			compatibilityVersion = "Xcode 3.2";
			developmentRegion = English;
			hasScannedForEncodings = 0;
			knownRegions = (
				en,
				Base,
			);
			mainGroup = 0553EDCD17FD879A00AB6C5D;
			productRefGroup = 0553EDD717FD879A00AB6C5D /* Products */;
			projectDirPath = "";
			projectRoot = "";
			targets = (
				0553EDD517FD879A00AB6C5D /* URLSessionTest */,
				0553EDF617FD879A00AB6C5D /* URLSessionTestTests */,
			);
		};
/* End PBXProject section */

/* Begin PBXResourcesBuildPhase section */
		0553EDD417FD879A00AB6C5D /* Resources */ = {
			isa = PBXResourcesBuildPhase;
			buildActionMask = 2147483647;
			files = (
				0553EDF217FD879A00AB6C5D /* Images.xcassets in Resources */,
				0553EDE417FD879A00AB6C5D /* InfoPlist.strings in Resources */,
				0553EDED17FD879A00AB6C5D /* Main.storyboard in Resources */,
			);
			runOnlyForDeploymentPostprocessing = 0;
		};
		0553EDF517FD879A00AB6C5D /* Resources */ = {
			isa = PBXResourcesBuildPhase;
			buildActionMask = 2147483647;
			files = (
				0553EE0317FD879A00AB6C5D /* InfoPlist.strings in Resources */,
			);
			runOnlyForDeploymentPostprocessing = 0;
		};
/* End PBXResourcesBuildPhase section */

/* Begin PBXSourcesBuildPhase section */
		0553EDD217FD879A00AB6C5D /* Sources */ = {
			isa = PBXSourcesBuildPhase;
			buildActionMask = 2147483647;
			files = (
				0553EDEA17FD879A00AB6C5D /* NEVAppDelegate.m in Sources */,
				0553EDF017FD879A00AB6C5D /* NEVViewController.m in Sources */,
				051839B61945D54B00A3DFB9 /* NEVUploadController.m in Sources */,
				0553EDE617FD879A00AB6C5D /* main.m in Sources */,
			);
			runOnlyForDeploymentPostprocessing = 0;
		};
		0553EDF317FD879A00AB6C5D /* Sources */ = {
			isa = PBXSourcesBuildPhase;
			buildActionMask = 2147483647;
			files = (
				0553EE0517FD879A00AB6C5D /* URLSessionTestTests.m in Sources */,
			);
			runOnlyForDeploymentPostprocessing = 0;
		};
/* End PBXSourcesBuildPhase section */

/* Begin PBXTargetDependency section */
		0553EDFD17FD879A00AB6C5D /* PBXTargetDependency */ = {
			isa = PBXTargetDependency;
			target = 0553EDD517FD879A00AB6C5D /* URLSessionTest */;
			targetProxy = 0553EDFC17FD879A00AB6C5D /* PBXContainerItemProxy */;
		};
/* End PBXTargetDependency section */

/* Begin PBXVariantGroup section */
		0553EDE217FD879A00AB6C5D /* InfoPlist.strings */ = {
			isa = PBXVariantGroup;
			children = (
				0553EDE317FD879A00AB6C5D /* en */,
			);
			name = InfoPlist.strings;
			sourceTree = "<group>";
		};
		0553EDEB17FD879A00AB6C5D /* Main.storyboard */ = {
			isa = PBXVariantGroup;
			children = (
				0553EDEC17FD879A00AB6C5D /* Base */,
			);
			name = Main.storyboard;
			sourceTree = "<group>";
		};
		0553EE0117FD879A00AB6C5D /* InfoPlist.strings */ = {
			isa = PBXVariantGroup;
			children = (
				0553EE0217FD879A00AB6C5D /* en */,
			);
			name = InfoPlist.strings;
			sourceTree = "<group>";
		};
/* End PBXVariantGroup section */

/* Begin XCBuildConfiguration section */
		0553EE0617FD879A00AB6C5D /* Debug */ = {
			isa = XCBuildConfiguration;
			buildSettings = {
				ALWAYS_SEARCH_USER_PATHS = NO;
				ARCHS = "$(ARCHS_STANDARD_INCLUDING_64_BIT)";
				CLANG_CXX_LANGUAGE_STANDARD = "gnu++0x";
				CLANG_CXX_LIBRARY = "libc++";
				CLANG_ENABLE_MODULES = YES;
				CLANG_ENABLE_OBJC_ARC = YES;
				CLANG_WARN_BOOL_CONVERSION = YES;
				CLANG_WARN_CONSTANT_CONVERSION = YES;
				CLANG_WARN_DIRECT_OBJC_ISA_USAGE = YES_ERROR;
				CLANG_WARN_EMPTY_BODY = YES;
				CLANG_WARN_ENUM_CONVERSION = YES;
				CLANG_WARN_INT_CONVERSION = YES;
				CLANG_WARN_OBJC_ROOT_CLASS = YES_ERROR;
				CLANG_WARN__DUPLICATE_METHOD_MATCH = YES;
				"CODE_SIGN_IDENTITY[sdk=iphoneos*]" = "iPhone Developer";
				COPY_PHASE_STRIP = NO;
				GCC_C_LANGUAGE_STANDARD = gnu99;
				GCC_DYNAMIC_NO_PIC = NO;
				GCC_OPTIMIZATION_LEVEL = 0;
				GCC_PREPROCESSOR_DEFINITIONS = (
					"DEBUG=1",
					"$(inherited)",
				);
				GCC_SYMBOLS_PRIVATE_EXTERN = NO;
				GCC_WARN_64_TO_32_BIT_CONVERSION = YES;
				GCC_WARN_ABOUT_RETURN_TYPE = YES_ERROR;
				GCC_WARN_UNDECLARED_SELECTOR = YES;
				GCC_WARN_UNINITIALIZED_AUTOS = YES;
				GCC_WARN_UNUSED_FUNCTION = YES;
				GCC_WARN_UNUSED_VARIABLE = YES;
				IPHONEOS_DEPLOYMENT_TARGET = 7.0;
				ONLY_ACTIVE_ARCH = YES;
				SDKROOT = iphoneos;
			};
			name = Debug;
		};
		0553EE0717FD879A00AB6C5D /* Release */ = {
			isa = XCBuildConfiguration;
			buildSettings = {
				ALWAYS_SEARCH_USER_PATHS = NO;
				ARCHS = "$(ARCHS_STANDARD_INCLUDING_64_BIT)";
				CLANG_CXX_LANGUAGE_STANDARD = "gnu++0x";
				CLANG_CXX_LIBRARY = "libc++";
				CLANG_ENABLE_MODULES = YES;
				CLANG_ENABLE_OBJC_ARC = YES;
				CLANG_WARN_BOOL_CONVERSION = YES;
				CLANG_WARN_CONSTANT_CONVERSION = YES;
				CLANG_WARN_DIRECT_OBJC_ISA_USAGE = YES_ERROR;
				CLANG_WARN_EMPTY_BODY = YES;
				CLANG_WARN_ENUM_CONVERSION = YES;
				CLANG_WARN_INT_CONVERSION = YES;
				CLANG_WARN_OBJC_ROOT_CLASS = YES_ERROR;
				CLANG_WARN__DUPLICATE_METHOD_MATCH = YES;
				"CODE_SIGN_IDENTITY[sdk=iphoneos*]" = "iPhone Developer";
				COPY_PHASE_STRIP = YES;
				ENABLE_NS_ASSERTIONS = NO;
				GCC_C_LANGUAGE_STANDARD = gnu99;
				GCC_WARN_64_TO_32_BIT_CONVERSION = YES;
				GCC_WARN_ABOUT_RETURN_TYPE = YES_ERROR;
				GCC_WARN_UNDECLARED_SELECTOR = YES;
				GCC_WARN_UNINITIALIZED_AUTOS = YES;
				GCC_WARN_UNUSED_FUNCTION = YES;
				GCC_WARN_UNUSED_VARIABLE = YES;
				IPHONEOS_DEPLOYMENT_TARGET = 7.0;
				SDKROOT = iphoneos;
				VALIDATE_PRODUCT = YES;
			};
			name = Release;
		};
		0553EE0917FD879A00AB6C5D /* Debug */ = {
			isa = XCBuildConfiguration;
			buildSettings = {
				ASSETCATALOG_COMPILER_APPICON_NAME = AppIcon;
				ASSETCATALOG_COMPILER_LAUNCHIMAGE_NAME = LaunchImage;
				GCC_PRECOMPILE_PREFIX_HEADER = YES;
				GCC_PREFIX_HEADER = "URLSessionTest/URLSessionTest-Prefix.pch";
				INFOPLIST_FILE = "URLSessionTest/URLSessionTest-Info.plist";
				PRODUCT_NAME = "$(TARGET_NAME)";
				PROVISIONING_PROFILE = "F36B8C58-D702-4AA2-AF54-80D7B7844B59";
				WRAPPER_EXTENSION = app;
			};
			name = Debug;
		};
		0553EE0A17FD879A00AB6C5D /* Release */ = {
			isa = XCBuildConfiguration;
			buildSettings = {
				ASSETCATALOG_COMPILER_APPICON_NAME = AppIcon;
				ASSETCATALOG_COMPILER_LAUNCHIMAGE_NAME = LaunchImage;
				GCC_PRECOMPILE_PREFIX_HEADER = YES;
				GCC_PREFIX_HEADER = "URLSessionTest/URLSessionTest-Prefix.pch";
				INFOPLIST_FILE = "URLSessionTest/URLSessionTest-Info.plist";
				PRODUCT_NAME = "$(TARGET_NAME)";
				PROVISIONING_PROFILE = "F36B8C58-D702-4AA2-AF54-80D7B7844B59";
				WRAPPER_EXTENSION = app;
			};
			name = Release;
		};
		0553EE0C17FD879A00AB6C5D /* Debug */ = {
			isa = XCBuildConfiguration;
			buildSettings = {
				ARCHS = "$(ARCHS_STANDARD_INCLUDING_64_BIT)";
				BUNDLE_LOADER = "$(BUILT_PRODUCTS_DIR)/URLSessionTest.app/URLSessionTest";
				FRAMEWORK_SEARCH_PATHS = (
					"$(SDKROOT)/Developer/Library/Frameworks",
					"$(inherited)",
					"$(DEVELOPER_FRAMEWORKS_DIR)",
				);
				GCC_PRECOMPILE_PREFIX_HEADER = YES;
				GCC_PREFIX_HEADER = "URLSessionTest/URLSessionTest-Prefix.pch";
				GCC_PREPROCESSOR_DEFINITIONS = (
					"DEBUG=1",
					"$(inherited)",
				);
				INFOPLIST_FILE = "URLSessionTestTests/URLSessionTestTests-Info.plist";
				PRODUCT_NAME = "$(TARGET_NAME)";
				TEST_HOST = "$(BUNDLE_LOADER)";
				WRAPPER_EXTENSION = xctest;
			};
			name = Debug;
		};
		0553EE0D17FD879A00AB6C5D /* Release */ = {
			isa = XCBuildConfiguration;
			buildSettings = {
				ARCHS = "$(ARCHS_STANDARD_INCLUDING_64_BIT)";
				BUNDLE_LOADER = "$(BUILT_PRODUCTS_DIR)/URLSessionTest.app/URLSessionTest";
				FRAMEWORK_SEARCH_PATHS = (
					"$(SDKROOT)/Developer/Library/Frameworks",
					"$(inherited)",
					"$(DEVELOPER_FRAMEWORKS_DIR)",
				);
				GCC_PRECOMPILE_PREFIX_HEADER = YES;
				GCC_PREFIX_HEADER = "URLSessionTest/URLSessionTest-Prefix.pch";
				INFOPLIST_FILE = "URLSessionTestTests/URLSessionTestTests-Info.plist";
				PRODUCT_NAME = "$(TARGET_NAME)";
				TEST_HOST = "$(BUNDLE_LOADER)";
				WRAPPER_EXTENSION = xctest;
			};
			name = Release;
		};
/* End XCBuildConfiguration section */

/* Begin XCConfigurationList section */
		0553EDD117FD879A00AB6C5D /* Build configuration list for PBXProject "URLSessionTest" */ = {
			isa = XCConfigurationList;
			buildConfigurations = (
				0553EE0617FD879A00AB6C5D /* Debug */,
				0553EE0717FD879A00AB6C5D /* Release */,
			);
			defaultConfigurationIsVisible = 0;
			defaultConfigurationName = Release;
		};
		0553EE0817FD879A00AB6C5D /* Build configuration list for PBXNativeTarget "URLSessionTest" */ = {
			isa = XCConfigurationList;
			buildConfigurations = (
				0553EE0917FD879A00AB6C5D /* Debug */,
				0553EE0A17FD879A00AB6C5D /* Release */,
			);
			defaultConfigurationIsVisible = 0;
			defaultConfigurationName = Release;
		};
		0553EE0B17FD879A00AB6C5D /* Build configuration list for PBXNativeTarget "URLSessionTestTests" */ = {
			isa = XCConfigurationList;
			buildConfigurations = (
				0553EE0C17FD879A00AB6C5D /* Debug */,
				0553EE0D17FD879A00AB6C5D /* Release */,
			);
			defaultConfigurationIsVisible = 0;
			defaultConfigurationName = Release;
		};
/* End XCConfigurationList section */
	};
	rootObject = 0553EDCE17FD879A00AB6C5D /* Project object */;
}
